// !$*UTF8*$!
{
	archiveVersion = 1;
	classes = {
	};
	objectVersion = 56;
	objects = {

/* Begin PBXBuildFile section */
		CCBBC71E28EAD35A009CC81E /* AppDelegate.swift in Sources */ = {isa = PBXBuildFile; fileRef = CCBBC71D28EAD35A009CC81E /* AppDelegate.swift */; };
		CCBBC72028EAD35A009CC81E /* SceneDelegate.swift in Sources */ = {isa = PBXBuildFile; fileRef = CCBBC71F28EAD35A009CC81E /* SceneDelegate.swift */; };
		CCBBC72228EAD35A009CC81E /* ViewController.swift in Sources */ = {isa = PBXBuildFile; fileRef = CCBBC72128EAD35A009CC81E /* ViewController.swift */; };
		CCBBC72528EAD35A009CC81E /* Main.storyboard in Resources */ = {isa = PBXBuildFile; fileRef = CCBBC72328EAD35A009CC81E /* Main.storyboard */; };
		CCBBC72728EAD35B009CC81E /* Assets.xcassets in Resources */ = {isa = PBXBuildFile; fileRef = CCBBC72628EAD35B009CC81E /* Assets.xcassets */; };
		CCBBC72A28EAD35B009CC81E /* LaunchScreen.storyboard in Resources */ = {isa = PBXBuildFile; fileRef = CCBBC72828EAD35B009CC81E /* LaunchScreen.storyboard */; };
		CCBBC73528EAD51B009CC81E /* vertical-line.png in Resources */ = {isa = PBXBuildFile; fileRef = CCBBC73428EAD51B009CC81E /* vertical-line.png */; };
		CCBBC73728EAD5CD009CC81E /* horizontal-line.png in Resources */ = {isa = PBXBuildFile; fileRef = CCBBC73628EAD5CD009CC81E /* horizontal-line.png */; };
		CCBBC73A28EADFAC009CC81E /* cross.png in Resources */ = {isa = PBXBuildFile; fileRef = CCBBC73828EADFAC009CC81E /* cross.png */; };
		CCBBC73B28EADFAC009CC81E /* zero.png in Resources */ = {isa = PBXBuildFile; fileRef = CCBBC73928EADFAC009CC81E /* zero.png */; };
		CCBBC73F28EB1251009CC81E /* empty.png in Resources */ = {isa = PBXBuildFile; fileRef = CCBBC73E28EB1251009CC81E /* empty.png */; };
		CCBBC74128EB61F4009CC81E /* SettingsViewController.swift in Sources */ = {isa = PBXBuildFile; fileRef = CCBBC74028EB61F4009CC81E /* SettingsViewController.swift */; };
/* End PBXBuildFile section */

/* Begin PBXFileReference section */
		CCBBC71A28EAD35A009CC81E /* tic-tac-toe.app */ = {isa = PBXFileReference; explicitFileType = wrapper.application; includeInIndex = 0; path = "tic-tac-toe.app"; sourceTree = BUILT_PRODUCTS_DIR; };
		CCBBC71D28EAD35A009CC81E /* AppDelegate.swift */ = {isa = PBXFileReference; lastKnownFileType = sourcecode.swift; path = AppDelegate.swift; sourceTree = "<group>"; };
		CCBBC71F28EAD35A009CC81E /* SceneDelegate.swift */ = {isa = PBXFileReference; lastKnownFileType = sourcecode.swift; path = SceneDelegate.swift; sourceTree = "<group>"; };
		CCBBC72128EAD35A009CC81E /* ViewController.swift */ = {isa = PBXFileReference; lastKnownFileType = sourcecode.swift; path = ViewController.swift; sourceTree = "<group>"; };
		CCBBC72428EAD35A009CC81E /* Base */ = {isa = PBXFileReference; lastKnownFileType = file.storyboard; name = Base; path = Base.lproj/Main.storyboard; sourceTree = "<group>"; };
		CCBBC72628EAD35B009CC81E /* Assets.xcassets */ = {isa = PBXFileReference; lastKnownFileType = folder.assetcatalog; path = Assets.xcassets; sourceTree = "<group>"; };
		CCBBC72928EAD35B009CC81E /* Base */ = {isa = PBXFileReference; lastKnownFileType = file.storyboard; name = Base; path = Base.lproj/LaunchScreen.storyboard; sourceTree = "<group>"; };
		CCBBC72B28EAD35B009CC81E /* Info.plist */ = {isa = PBXFileReference; lastKnownFileType = text.plist.xml; path = Info.plist; sourceTree = "<group>"; };
		CCBBC73428EAD51B009CC81E /* vertical-line.png */ = {isa = PBXFileReference; lastKnownFileType = image.png; path = "vertical-line.png"; sourceTree = "<group>"; };
		CCBBC73628EAD5CD009CC81E /* horizontal-line.png */ = {isa = PBXFileReference; lastKnownFileType = image.png; path = "horizontal-line.png"; sourceTree = "<group>"; };
		CCBBC73828EADFAC009CC81E /* cross.png */ = {isa = PBXFileReference; lastKnownFileType = image.png; path = cross.png; sourceTree = "<group>"; };
		CCBBC73928EADFAC009CC81E /* zero.png */ = {isa = PBXFileReference; lastKnownFileType = image.png; path = zero.png; sourceTree = "<group>"; };
		CCBBC73E28EB1251009CC81E /* empty.png */ = {isa = PBXFileReference; lastKnownFileType = image.png; path = empty.png; sourceTree = "<group>"; };
		CCBBC74028EB61F4009CC81E /* SettingsViewController.swift */ = {isa = PBXFileReference; lastKnownFileType = sourcecode.swift; path = SettingsViewController.swift; sourceTree = "<group>"; };
/* End PBXFileReference section */

/* Begin PBXFrameworksBuildPhase section */
		CCBBC71728EAD35A009CC81E /* Frameworks */ = {
			isa = PBXFrameworksBuildPhase;
			buildActionMask = 2147483647;
			files = (
			);
			runOnlyForDeploymentPostprocessing = 0;
		};
/* End PBXFrameworksBuildPhase section */

/* Begin PBXGroup section */
		CCBBC71128EAD35A009CC81E = {
			isa = PBXGroup;
			children = (
				CCBBC71C28EAD35A009CC81E /* tic-tac-toe */,
				CCBBC73328EAD388009CC81E /* Resources */,
				CCBBC71B28EAD35A009CC81E /* Products */,
			);
			sourceTree = "<group>";
		};
		CCBBC71B28EAD35A009CC81E /* Products */ = {
			isa = PBXGroup;
			children = (
				CCBBC71A28EAD35A009CC81E /* tic-tac-toe.app */,
			);
			name = Products;
			sourceTree = "<group>";
		};
		CCBBC71C28EAD35A009CC81E /* tic-tac-toe */ = {
			isa = PBXGroup;
			children = (
				CCBBC71D28EAD35A009CC81E /* AppDelegate.swift */,
				CCBBC71F28EAD35A009CC81E /* SceneDelegate.swift */,
				CCBBC72128EAD35A009CC81E /* ViewController.swift */,
				CCBBC74028EB61F4009CC81E /* SettingsViewController.swift */,
				CCBBC72328EAD35A009CC81E /* Main.storyboard */,
				CCBBC72628EAD35B009CC81E /* Assets.xcassets */,
				CCBBC72828EAD35B009CC81E /* LaunchScreen.storyboard */,
				CCBBC72B28EAD35B009CC81E /* Info.plist */,
			);
			path = "tic-tac-toe";
			sourceTree = "<group>";
		};
		CCBBC73328EAD388009CC81E /* Resources */ = {
			isa = PBXGroup;
			children = (
				CCBBC73628EAD5CD009CC81E /* horizontal-line.png */,
				CCBBC73428EAD51B009CC81E /* vertical-line.png */,
				CCBBC73828EADFAC009CC81E /* cross.png */,
				CCBBC73928EADFAC009CC81E /* zero.png */,
				CCBBC73E28EB1251009CC81E /* empty.png */,
			);
			path = Resources;
			sourceTree = "<group>";
		};
/* End PBXGroup section */

/* Begin PBXNativeTarget section */
		CCBBC71928EAD35A009CC81E /* tic-tac-toe */ = {
			isa = PBXNativeTarget;
			buildConfigurationList = CCBBC72E28EAD35B009CC81E /* Build configuration list for PBXNativeTarget "tic-tac-toe" */;
			buildPhases = (
				CCBBC71628EAD35A009CC81E /* Sources */,
				CCBBC71728EAD35A009CC81E /* Frameworks */,
				CCBBC71828EAD35A009CC81E /* Resources */,
			);
			buildRules = (
			);
			dependencies = (
			);
			name = "tic-tac-toe";
			productName = "tic-tac-toe";
			productReference = CCBBC71A28EAD35A009CC81E /* tic-tac-toe.app */;
			productType = "com.apple.product-type.application";
		};
/* End PBXNativeTarget section */

/* Begin PBXProject section */
		CCBBC71228EAD35A009CC81E /* Project object */ = {
			isa = PBXProject;
			attributes = {
				BuildIndependentTargetsInParallel = 1;
				LastSwiftUpdateCheck = 1400;
				LastUpgradeCheck = 1400;
				TargetAttributes = {
					CCBBC71928EAD35A009CC81E = {
						CreatedOnToolsVersion = 14.0.1;
					};
				};
			};
			buildConfigurationList = CCBBC71528EAD35A009CC81E /* Build configuration list for PBXProject "tic-tac-toe" */;
			compatibilityVersion = "Xcode 14.0";
			developmentRegion = en;
			hasScannedForEncodings = 0;
			knownRegions = (
				en,
				Base,
			);
			mainGroup = CCBBC71128EAD35A009CC81E;
			productRefGroup = CCBBC71B28EAD35A009CC81E /* Products */;
			projectDirPath = "";
			projectRoot = "";
			targets = (
				CCBBC71928EAD35A009CC81E /* tic-tac-toe */,
			);
		};
/* End PBXProject section */

/* Begin PBXResourcesBuildPhase section */
		CCBBC71828EAD35A009CC81E /* Resources */ = {
			isa = PBXResourcesBuildPhase;
			buildActionMask = 2147483647;
			files = (
				CCBBC73A28EADFAC009CC81E /* cross.png in Resources */,
				CCBBC73B28EADFAC009CC81E /* zero.png in Resources */,
				CCBBC73528EAD51B009CC81E /* vertical-line.png in Resources */,
				CCBBC73F28EB1251009CC81E /* empty.png in Resources */,
				CCBBC72A28EAD35B009CC81E /* LaunchScreen.storyboard in Resources */,
				CCBBC72728EAD35B009CC81E /* Assets.xcassets in Resources */,
				CCBBC72528EAD35A009CC81E /* Main.storyboard in Resources */,
				CCBBC73728EAD5CD009CC81E /* horizontal-line.png in Resources */,
			);
			runOnlyForDeploymentPostprocessing = 0;
		};
/* End PBXResourcesBuildPhase section */

/* Begin PBXSourcesBuildPhase section */
		CCBBC71628EAD35A009CC81E /* Sources */ = {
			isa = PBXSourcesBuildPhase;
			buildActionMask = 2147483647;
			files = (
				CCBBC72228EAD35A009CC81E /* ViewController.swift in Sources */,
				CCBBC71E28EAD35A009CC81E /* AppDelegate.swift in Sources */,
				CCBBC72028EAD35A009CC81E /* SceneDelegate.swift in Sources */,
				CCBBC74128EB61F4009CC81E /* SettingsViewController.swift in Sources */,
			);
			runOnlyForDeploymentPostprocessing = 0;
		};
/* End PBXSourcesBuildPhase section */

/* Begin PBXVariantGroup section */
		CCBBC72328EAD35A009CC81E /* Main.storyboard */ = {
			isa = PBXVariantGroup;
			children = (
				CCBBC72428EAD35A009CC81E /* Base */,
			);
			name = Main.storyboard;
			sourceTree = "<group>";
		};
		CCBBC72828EAD35B009CC81E /* LaunchScreen.storyboard */ = {
			isa = PBXVariantGroup;
			children = (
				CCBBC72928EAD35B009CC81E /* Base */,
			);
			name = LaunchScreen.storyboard;
			sourceTree = "<group>";
		};
/* End PBXVariantGroup section */

/* Begin XCBuildConfiguration section */
		CCBBC72C28EAD35B009CC81E /* Debug */ = {
			isa = XCBuildConfiguration;
			buildSettings = {
				ALWAYS_SEARCH_USER_PATHS = NO;
				CLANG_ANALYZER_NONNULL = YES;
				CLANG_ANALYZER_NUMBER_OBJECT_CONVERSION = YES_AGGRESSIVE;
				CLANG_CXX_LANGUAGE_STANDARD = "gnu++20";
				CLANG_ENABLE_MODULES = YES;
				CLANG_ENABLE_OBJC_ARC = YES;
				CLANG_ENABLE_OBJC_WEAK = YES;
				CLANG_WARN_BLOCK_CAPTURE_AUTORELEASING = YES;
				CLANG_WARN_BOOL_CONVERSION = YES;
				CLANG_WARN_COMMA = YES;
				CLANG_WARN_CONSTANT_CONVERSION = YES;
				CLANG_WARN_DEPRECATED_OBJC_IMPLEMENTATIONS = YES;
				CLANG_WARN_DIRECT_OBJC_ISA_USAGE = YES_ERROR;
				CLANG_WARN_DOCUMENTATION_COMMENTS = YES;
				CLANG_WARN_EMPTY_BODY = YES;
				CLANG_WARN_ENUM_CONVERSION = YES;
				CLANG_WARN_INFINITE_RECURSION = YES;
				CLANG_WARN_INT_CONVERSION = YES;
				CLANG_WARN_NON_LITERAL_NULL_CONVERSION = YES;
				CLANG_WARN_OBJC_IMPLICIT_RETAIN_SELF = YES;
				CLANG_WARN_OBJC_LITERAL_CONVERSION = YES;
				CLANG_WARN_OBJC_ROOT_CLASS = YES_ERROR;
				CLANG_WARN_QUOTED_INCLUDE_IN_FRAMEWORK_HEADER = YES;
				CLANG_WARN_RANGE_LOOP_ANALYSIS = YES;
				CLANG_WARN_STRICT_PROTOTYPES = YES;
				CLANG_WARN_SUSPICIOUS_MOVE = YES;
				CLANG_WARN_UNGUARDED_AVAILABILITY = YES_AGGRESSIVE;
				CLANG_WARN_UNREACHABLE_CODE = YES;
				CLANG_WARN__DUPLICATE_METHOD_MATCH = YES;
				COPY_PHASE_STRIP = NO;
				DEBUG_INFORMATION_FORMAT = dwarf;
				ENABLE_STRICT_OBJC_MSGSEND = YES;
				ENABLE_TESTABILITY = YES;
				GCC_C_LANGUAGE_STANDARD = gnu11;
				GCC_DYNAMIC_NO_PIC = NO;
				GCC_NO_COMMON_BLOCKS = YES;
				GCC_OPTIMIZATION_LEVEL = 0;
				GCC_PREPROCESSOR_DEFINITIONS = (
					"DEBUG=1",
					"$(inherited)",
				);
				GCC_WARN_64_TO_32_BIT_CONVERSION = YES;
				GCC_WARN_ABOUT_RETURN_TYPE = YES_ERROR;
				GCC_WARN_UNDECLARED_SELECTOR = YES;
				GCC_WARN_UNINITIALIZED_AUTOS = YES_AGGRESSIVE;
				GCC_WARN_UNUSED_FUNCTION = YES;
				GCC_WARN_UNUSED_VARIABLE = YES;
				IPHONEOS_DEPLOYMENT_TARGET = 16.0;
				MTL_ENABLE_DEBUG_INFO = INCLUDE_SOURCE;
				MTL_FAST_MATH = YES;
				ONLY_ACTIVE_ARCH = YES;
				SDKROOT = iphoneos;
				SWIFT_ACTIVE_COMPILATION_CONDITIONS = DEBUG;
				SWIFT_OPTIMIZATION_LEVEL = "-Onone";
			};
			name = Debug;
		};
		CCBBC72D28EAD35B009CC81E /* Release */ = {
			isa = XCBuildConfiguration;
			buildSettings = {
				ALWAYS_SEARCH_USER_PATHS = NO;
				CLANG_ANALYZER_NONNULL = YES;
				CLANG_ANALYZER_NUMBER_OBJECT_CONVERSION = YES_AGGRESSIVE;
				CLANG_CXX_LANGUAGE_STANDARD = "gnu++20";
				CLANG_ENABLE_MODULES = YES;
				CLANG_ENABLE_OBJC_ARC = YES;
				CLANG_ENABLE_OBJC_WEAK = YES;
				CLANG_WARN_BLOCK_CAPTURE_AUTORELEASING = YES;
				CLANG_WARN_BOOL_CONVERSION = YES;
				CLANG_WARN_COMMA = YES;
				CLANG_WARN_CONSTANT_CONVERSION = YES;
				CLANG_WARN_DEPRECATED_OBJC_IMPLEMENTATIONS = YES;
				CLANG_WARN_DIRECT_OBJC_ISA_USAGE = YES_ERROR;
				CLANG_WARN_DOCUMENTATION_COMMENTS = YES;
				CLANG_WARN_EMPTY_BODY = YES;
				CLANG_WARN_ENUM_CONVERSION = YES;
				CLANG_WARN_INFINITE_RECURSION = YES;
				CLANG_WARN_INT_CONVERSION = YES;
				CLANG_WARN_NON_LITERAL_NULL_CONVERSION = YES;
				CLANG_WARN_OBJC_IMPLICIT_RETAIN_SELF = YES;
				CLANG_WARN_OBJC_LITERAL_CONVERSION = YES;
				CLANG_WARN_OBJC_ROOT_CLASS = YES_ERROR;
				CLANG_WARN_QUOTED_INCLUDE_IN_FRAMEWORK_HEADER = YES;
				CLANG_WARN_RANGE_LOOP_ANALYSIS = YES;
				CLANG_WARN_STRICT_PROTOTYPES = YES;
				CLANG_WARN_SUSPICIOUS_MOVE = YES;
				CLANG_WARN_UNGUARDED_AVAILABILITY = YES_AGGRESSIVE;
				CLANG_WARN_UNREACHABLE_CODE = YES;
				CLANG_WARN__DUPLICATE_METHOD_MATCH = YES;
				COPY_PHASE_STRIP = NO;
				DEBUG_INFORMATION_FORMAT = "dwarf-with-dsym";
				ENABLE_NS_ASSERTIONS = NO;
				ENABLE_STRICT_OBJC_MSGSEND = YES;
				GCC_C_LANGUAGE_STANDARD = gnu11;
				GCC_NO_COMMON_BLOCKS = YES;
				GCC_WARN_64_TO_32_BIT_CONVERSION = YES;
				GCC_WARN_ABOUT_RETURN_TYPE = YES_ERROR;
				GCC_WARN_UNDECLARED_SELECTOR = YES;
				GCC_WARN_UNINITIALIZED_AUTOS = YES_AGGRESSIVE;
				GCC_WARN_UNUSED_FUNCTION = YES;
				GCC_WARN_UNUSED_VARIABLE = YES;
				IPHONEOS_DEPLOYMENT_TARGET = 16.0;
				MTL_ENABLE_DEBUG_INFO = NO;
				MTL_FAST_MATH = YES;
				SDKROOT = iphoneos;
				SWIFT_COMPILATION_MODE = wholemodule;
				SWIFT_OPTIMIZATION_LEVEL = "-O";
				VALIDATE_PRODUCT = YES;
			};
			name = Release;
		};
		CCBBC72F28EAD35B009CC81E /* Debug */ = {
			isa = XCBuildConfiguration;
			buildSettings = {
				ASSETCATALOG_COMPILER_APPICON_NAME = AppIcon;
				ASSETCATALOG_COMPILER_GLOBAL_ACCENT_COLOR_NAME = AccentColor;
				CODE_SIGN_STYLE = Automatic;
				CURRENT_PROJECT_VERSION = 1;
				DEVELOPMENT_TEAM = KPR58387Y9;
				GENERATE_INFOPLIST_FILE = YES;
				INFOPLIST_FILE = "tic-tac-toe/Info.plist";
				INFOPLIST_KEY_UIApplicationSupportsIndirectInputEvents = YES;
				INFOPLIST_KEY_UILaunchStoryboardName = LaunchScreen.storyboard;
				INFOPLIST_KEY_UIMainStoryboardFile = Main;
				INFOPLIST_KEY_UISupportedInterfaceOrientations = UIInterfaceOrientationPortrait;
				INFOPLIST_KEY_UISupportedInterfaceOrientations_iPad = "UIInterfaceOrientationLandscapeLeft UIInterfaceOrientationLandscapeRight UIInterfaceOrientationPortrait UIInterfaceOrientationPortraitUpsideDown";
				LD_RUNPATH_SEARCH_PATHS = (
					"$(inherited)",
					"@executable_path/Frameworks",
				);
				MARKETING_VERSION = 1.0;
				PRODUCT_BUNDLE_IDENTIFIER = "com.kyifut.tic-tac-toe";
				PRODUCT_NAME = "$(TARGET_NAME)";
				SUPPORTED_PLATFORMS = "iphoneos iphonesimulator";
				SUPPORTS_MACCATALYST = NO;
				SUPPORTS_MAC_DESIGNED_FOR_IPHONE_IPAD = NO;
				SWIFT_EMIT_LOC_STRINGS = YES;
				SWIFT_VERSION = 5.0;
				TARGETED_DEVICE_FAMILY = 1;
			};
			name = Debug;
		};
		CCBBC73028EAD35B009CC81E /* Release */ = {
			isa = XCBuildConfiguration;
			buildSettings = {
				ASSETCATALOG_COMPILER_APPICON_NAME = AppIcon;
				ASSETCATALOG_COMPILER_GLOBAL_ACCENT_COLOR_NAME = AccentColor;
				CODE_SIGN_STYLE = Automatic;
				CURRENT_PROJECT_VERSION = 1;
				DEVELOPMENT_TEAM = KPR58387Y9;
				GENERATE_INFOPLIST_FILE = YES;
				INFOPLIST_FILE = "tic-tac-toe/Info.plist";
				INFOPLIST_KEY_UIApplicationSupportsIndirectInputEvents = YES;
				INFOPLIST_KEY_UILaunchStoryboardName = LaunchScreen.storyboard;
				INFOPLIST_KEY_UIMainStoryboardFile = Main;
				INFOPLIST_KEY_UISupportedInterfaceOrientations = UIInterfaceOrientationPortrait;
				INFOPLIST_KEY_UISupportedInterfaceOrientations_iPad = "UIInterfaceOrientationLandscapeLeft UIInterfaceOrientationLandscapeRight UIInterfaceOrientationPortrait UIInterfaceOrientationPortraitUpsideDown";
				LD_RUNPATH_SEARCH_PATHS = (
					"$(inherited)",
					"@executable_path/Frameworks",
				);
				MARKETING_VERSION = 1.0;
				PRODUCT_BUNDLE_IDENTIFIER = "com.kyifut.tic-tac-toe";
				PRODUCT_NAME = "$(TARGET_NAME)";
				SUPPORTED_PLATFORMS = "iphoneos iphonesimulator";
				SUPPORTS_MACCATALYST = NO;
				SUPPORTS_MAC_DESIGNED_FOR_IPHONE_IPAD = NO;
				SWIFT_EMIT_LOC_STRINGS = YES;
				SWIFT_VERSION = 5.0;
				TARGETED_DEVICE_FAMILY = 1;
			};
			name = Release;
		};
/* End XCBuildConfiguration section */

/* Begin XCConfigurationList section */
		CCBBC71528EAD35A009CC81E /* Build configuration list for PBXProject "tic-tac-toe" */ = {
			isa = XCConfigurationList;
			buildConfigurations = (
				CCBBC72C28EAD35B009CC81E /* Debug */,
				CCBBC72D28EAD35B009CC81E /* Release */,
			);
			defaultConfigurationIsVisible = 0;
			defaultConfigurationName = Release;
		};
		CCBBC72E28EAD35B009CC81E /* Build configuration list for PBXNativeTarget "tic-tac-toe" */ = {
			isa = XCConfigurationList;
			buildConfigurations = (
				CCBBC72F28EAD35B009CC81E /* Debug */,
				CCBBC73028EAD35B009CC81E /* Release */,
			);
			defaultConfigurationIsVisible = 0;
			defaultConfigurationName = Release;
		};
/* End XCConfigurationList section */
	};
	rootObject = CCBBC71228EAD35A009CC81E /* Project object */;
}
